
Microsoft Visual Studio Solution File, Format Version 12.00
# Visual Studio 15
VisualStudioVersion = 15.0.27703.2026
MinimumVisualStudioVersion = 10.0.40219.1
Project("{9A19103F-16F7-4668-BE54-9A1E7A4F7556}") = "Core", "Core\Core.csproj", "{9AD9974D-DD4F-435F-8D99-921613A7C805}"
EndProject
Project("{9A19103F-16F7-4668-BE54-9A1E7A4F7556}") = "Infrastructure", "Infrastructure\Infrastructure.csproj", "{9730826E-818A-43E9-AB23-8EAE3AF3CDDB}"
EndProject
Project("{FAE04EC0-301F-11D3-BF4B-00C04F79EFBC}") = "Web", "Web\Web.csproj", "{2B3C1F6D-0E74-478B-9BE6-49B9281B1FEA}"
EndProject
Global
	GlobalSection(SolutionConfigurationPlatforms) = preSolution
		Debug|Any CPU = Debug|Any CPU
		Release|Any CPU = Release|Any CPU
	EndGlobalSection
	GlobalSection(ProjectConfigurationPlatforms) = postSolution
		{9AD9974D-DD4F-435F-8D99-921613A7C805}.Debug|Any CPU.ActiveCfg = Debug|Any CPU
		{9AD9974D-DD4F-435F-8D99-921613A7C805}.Debug|Any CPU.Build.0 = Debug|Any CPU
		{9AD9974D-DD4F-435F-8D99-921613A7C805}.Release|Any CPU.ActiveCfg = Release|Any CPU
		{9AD9974D-DD4F-435F-8D99-921613A7C805}.Release|Any CPU.Build.0 = Release|Any CPU
		{9730826E-818A-43E9-AB23-8EAE3AF3CDDB}.Debug|Any CPU.ActiveCfg = Debug|Any CPU
		{9730826E-818A-43E9-AB23-8EAE3AF3CDDB}.Debug|Any CPU.Build.0 = Debug|Any CPU
		{9730826E-818A-43E9-AB23-8EAE3AF3CDDB}.Release|Any CPU.ActiveCfg = Release|Any CPU
		{9730826E-818A-43E9-AB23-8EAE3AF3CDDB}.Release|Any CPU.Build.0 = Release|Any CPU
		{2B3C1F6D-0E74-478B-9BE6-49B9281B1FEA}.Debug|Any CPU.ActiveCfg = Debug|Any CPU
		{2B3C1F6D-0E74-478B-9BE6-49B9281B1FEA}.Debug|Any CPU.Build.0 = Debug|Any CPU
		{2B3C1F6D-0E74-478B-9BE6-49B9281B1FEA}.Release|Any CPU.ActiveCfg = Release|Any CPU
		{2B3C1F6D-0E74-478B-9BE6-49B9281B1FEA}.Release|Any CPU.Build.0 = Release|Any CPU
	EndGlobalSection
	GlobalSection(SolutionProperties) = preSolution
		HideSolutionNode = FALSE
	EndGlobalSection
	GlobalSection(ExtensibilityGlobals) = postSolution
		SolutionGuid = {1EDA96FB-43CE-45BE-A361-FC28D7D58ACD}
	EndGlobalSection
EndGlobal
